
Microsoft Visual Studio Solution File, Format Version 12.00
# Visual Studio Version 17
VisualStudioVersion = 17.3.32929.385
MinimumVisualStudioVersion = 10.0.40219.1
Project("{FAE04EC0-301F-11D3-BF4B-00C04F79EFBC}") = "Employees", "Employees\Employees.csproj", "{3D1C312B-C7E1-43EE-93F5-80C4D52146C8}"
EndProject
Global
	GlobalSection(SolutionConfigurationPlatforms) = preSolution
		Debug|Any CPU = Debug|Any CPU
		Release|Any CPU = Release|Any CPU
	EndGlobalSection
	GlobalSection(ProjectConfigurationPlatforms) = postSolution
		{3D1C312B-C7E1-43EE-93F5-80C4D52146C8}.Debug|Any CPU.ActiveCfg = Debug|Any CPU
		{3D1C312B-C7E1-43EE-93F5-80C4D52146C8}.Debug|Any CPU.Build.0 = Debug|Any CPU
		{3D1C312B-C7E1-43EE-93F5-80C4D52146C8}.Release|Any CPU.ActiveCfg = Release|Any CPU
		{3D1C312B-C7E1-43EE-93F5-80C4D52146C8}.Release|Any CPU.Build.0 = Release|Any CPU
	EndGlobalSection
	GlobalSection(SolutionProperties) = preSolution
		HideSolutionNode = FALSE
	EndGlobalSection
	GlobalSection(ExtensibilityGlobals) = postSolution
		SolutionGuid = {82F0F54C-CD52-44F1-92CB-B8E0CCF9F1F3}
	EndGlobalSection
EndGlobal
